
Microsoft Visual Studio Solution File, Format Version 12.00
# Visual Studio Version 17
VisualStudioVersion = 17.14.33.0
MinimumVisualStudioVersion = 10.0.40219.1
Project("{FAE04EC0-301F-11D3-BF4B-00C04F79EFBC}") = "SPT-MenuOverhaul", "SPT-MenuOverhaul.csproj", "{3B444021-CDA0-4F9F-B16C-244DCC93AD33}"
EndProject
Global
	GlobalSection(SolutionConfigurationPlatforms) = preSolution
		Debug|Any CPU = Debug|Any CPU
		Release|Any CPU = Release|Any CPU
	EndGlobalSection
	GlobalSection(ProjectConfigurationPlatforms) = postSolution
		{3B444021-CDA0-4F9F-B16C-244DCC93AD33}.Debug|Any CPU.ActiveCfg = Debug|Any CPU
		{3B444021-CDA0-4F9F-B16C-244DCC93AD33}.Debug|Any CPU.Build.0 = Debug|Any CPU
		{3B444021-CDA0-4F9F-B16C-244DCC93AD33}.Release|Any CPU.ActiveCfg = Release|Any CPU
		{3B444021-CDA0-4F9F-B16C-244DCC93AD33}.Release|Any CPU.Build.0 = Release|Any CPU
	EndGlobalSection
	GlobalSection(SolutionProperties) = preSolution
		HideSolutionNode = FALSE
	EndGlobalSection
	GlobalSection(ExtensibilityGlobals) = postSolution
		SolutionGuid = {D529B865-4CA8-4D1B-AAED-18A6ACE086E2}
	EndGlobalSection
EndGlobal
